// !$*UTF8*$!
{
	archiveVersion = 1;
	classes = {
	};
	objectVersion = 50;
	objects = {

/* Begin PBXBuildFile section */
		377AE9BE259192C700E9A2FB /* Grid.swift in Sources */ = {isa = PBXBuildFile; fileRef = 377AE9BD259192C700E9A2FB /* Grid.swift */; };
		377AE9C62591969D00E9A2FB /* GridLayout.swift in Sources */ = {isa = PBXBuildFile; fileRef = 377AE9C52591969D00E9A2FB /* GridLayout.swift */; };
		377AE9CB25919B8300E9A2FB /* Array+Identifiable.swift in Sources */ = {isa = PBXBuildFile; fileRef = 377AE9CA25919B8300E9A2FB /* Array+Identifiable.swift */; };
		377AE9D02591A98C00E9A2FB /* Array+Only.swift in Sources */ = {isa = PBXBuildFile; fileRef = 377AE9CF2591A98C00E9A2FB /* Array+Only.swift */; };
		37C030AB258F28E700AB346E /* MemoryGame.swift in Sources */ = {isa = PBXBuildFile; fileRef = 37C030AA258F28E700AB346E /* MemoryGame.swift */; };
		37C030B0258F2A4100AB346E /* EmojiMemoryGame.swift in Sources */ = {isa = PBXBuildFile; fileRef = 37C030AF258F2A4100AB346E /* EmojiMemoryGame.swift */; };
		37CFB2BD25A03CDC0073EB58 /* CardView.swift in Sources */ = {isa = PBXBuildFile; fileRef = 37CFB2BC25A03CDC0073EB58 /* CardView.swift */; };
		37E30D19259A05AF0004B21A /* Cardify.swift in Sources */ = {isa = PBXBuildFile; fileRef = 37E30D18259A05AF0004B21A /* Cardify.swift */; };
		37E30D21259A06E10004B21A /* Pie.swift in Sources */ = {isa = PBXBuildFile; fileRef = 37E30D20259A06E10004B21A /* Pie.swift */; };
		37EF0B8F258F01F300F7C6E5 /* MemorizeApp.swift in Sources */ = {isa = PBXBuildFile; fileRef = 37EF0B8E258F01F300F7C6E5 /* MemorizeApp.swift */; };
		37EF0B91258F01F300F7C6E5 /* EmojiMemoryGameView.swift in Sources */ = {isa = PBXBuildFile; fileRef = 37EF0B90258F01F300F7C6E5 /* EmojiMemoryGameView.swift */; };
		37EF0B93258F01F400F7C6E5 /* Assets.xcassets in Resources */ = {isa = PBXBuildFile; fileRef = 37EF0B92258F01F400F7C6E5 /* Assets.xcassets */; };
		37EF0B96258F01F400F7C6E5 /* Preview Assets.xcassets in Resources */ = {isa = PBXBuildFile; fileRef = 37EF0B95258F01F400F7C6E5 /* Preview Assets.xcassets */; };
		37EF0BA1258F01F400F7C6E5 /* MemorizeTests.swift in Sources */ = {isa = PBXBuildFile; fileRef = 37EF0BA0258F01F400F7C6E5 /* MemorizeTests.swift */; };
		37EF0BAC258F01F400F7C6E5 /* MemorizeUITests.swift in Sources */ = {isa = PBXBuildFile; fileRef = 37EF0BAB258F01F400F7C6E5 /* MemorizeUITests.swift */; };
/* End PBXBuildFile section */

/* Begin PBXContainerItemProxy section */
		37EF0B9D258F01F400F7C6E5 /* PBXContainerItemProxy */ = {
			isa = PBXContainerItemProxy;
			containerPortal = 37EF0B83258F01F300F7C6E5 /* Project object */;
			proxyType = 1;
			remoteGlobalIDString = 37EF0B8A258F01F300F7C6E5;
			remoteInfo = Memorize;
		};
		37EF0BA8258F01F400F7C6E5 /* PBXContainerItemProxy */ = {
			isa = PBXContainerItemProxy;
			containerPortal = 37EF0B83258F01F300F7C6E5 /* Project object */;
			proxyType = 1;
			remoteGlobalIDString = 37EF0B8A258F01F300F7C6E5;
			remoteInfo = Memorize;
		};
/* End PBXContainerItemProxy section */

/* Begin PBXFileReference section */
		377AE9BD259192C700E9A2FB /* Grid.swift */ = {isa = PBXFileReference; lastKnownFileType = sourcecode.swift; path = Grid.swift; sourceTree = "<group>"; };
		377AE9C52591969D00E9A2FB /* GridLayout.swift */ = {isa = PBXFileReference; fileEncoding = 4; lastKnownFileType = sourcecode.swift; path = GridLayout.swift; sourceTree = "<group>"; };
		377AE9CA25919B8300E9A2FB /* Array+Identifiable.swift */ = {isa = PBXFileReference; lastKnownFileType = sourcecode.swift; path = "Array+Identifiable.swift"; sourceTree = "<group>"; };
		377AE9CF2591A98C00E9A2FB /* Array+Only.swift */ = {isa = PBXFileReference; lastKnownFileType = sourcecode.swift; path = "Array+Only.swift"; sourceTree = "<group>"; };
		37C030AA258F28E700AB346E /* MemoryGame.swift */ = {isa = PBXFileReference; lastKnownFileType = sourcecode.swift; path = MemoryGame.swift; sourceTree = "<group>"; };
		37C030AF258F2A4100AB346E /* EmojiMemoryGame.swift */ = {isa = PBXFileReference; lastKnownFileType = sourcecode.swift; path = EmojiMemoryGame.swift; sourceTree = "<group>"; };
		37CFB2BC25A03CDC0073EB58 /* CardView.swift */ = {isa = PBXFileReference; lastKnownFileType = sourcecode.swift; path = CardView.swift; sourceTree = "<group>"; };
		37E30D18259A05AF0004B21A /* Cardify.swift */ = {isa = PBXFileReference; lastKnownFileType = sourcecode.swift; path = Cardify.swift; sourceTree = "<group>"; };
		37E30D20259A06E10004B21A /* Pie.swift */ = {isa = PBXFileReference; lastKnownFileType = sourcecode.swift; path = Pie.swift; sourceTree = "<group>"; };
		37EF0B8B258F01F300F7C6E5 /* Memorize.app */ = {isa = PBXFileReference; explicitFileType = wrapper.application; includeInIndex = 0; path = Memorize.app; sourceTree = BUILT_PRODUCTS_DIR; };
		37EF0B8E258F01F300F7C6E5 /* MemorizeApp.swift */ = {isa = PBXFileReference; lastKnownFileType = sourcecode.swift; path = MemorizeApp.swift; sourceTree = "<group>"; };
		37EF0B90258F01F300F7C6E5 /* EmojiMemoryGameView.swift */ = {isa = PBXFileReference; lastKnownFileType = sourcecode.swift; path = EmojiMemoryGameView.swift; sourceTree = "<group>"; };
		37EF0B92258F01F400F7C6E5 /* Assets.xcassets */ = {isa = PBXFileReference; lastKnownFileType = folder.assetcatalog; path = Assets.xcassets; sourceTree = "<group>"; };
		37EF0B95258F01F400F7C6E5 /* Preview Assets.xcassets */ = {isa = PBXFileReference; lastKnownFileType = folder.assetcatalog; path = "Preview Assets.xcassets"; sourceTree = "<group>"; };
		37EF0B97258F01F400F7C6E5 /* Info.plist */ = {isa = PBXFileReference; lastKnownFileType = text.plist.xml; path = Info.plist; sourceTree = "<group>"; };
		37EF0B9C258F01F400F7C6E5 /* MemorizeTests.xctest */ = {isa = PBXFileReference; explicitFileType = wrapper.cfbundle; includeInIndex = 0; path = MemorizeTests.xctest; sourceTree = BUILT_PRODUCTS_DIR; };
		37EF0BA0258F01F400F7C6E5 /* MemorizeTests.swift */ = {isa = PBXFileReference; lastKnownFileType = sourcecode.swift; path = MemorizeTests.swift; sourceTree = "<group>"; };
		37EF0BA2258F01F400F7C6E5 /* Info.plist */ = {isa = PBXFileReference; lastKnownFileType = text.plist.xml; path = Info.plist; sourceTree = "<group>"; };
		37EF0BA7258F01F400F7C6E5 /* MemorizeUITests.xctest */ = {isa = PBXFileReference; explicitFileType = wrapper.cfbundle; includeInIndex = 0; path = MemorizeUITests.xctest; sourceTree = BUILT_PRODUCTS_DIR; };
		37EF0BAB258F01F400F7C6E5 /* MemorizeUITests.swift */ = {isa = PBXFileReference; lastKnownFileType = sourcecode.swift; path = MemorizeUITests.swift; sourceTree = "<group>"; };
		37EF0BAD258F01F400F7C6E5 /* Info.plist */ = {isa = PBXFileReference; lastKnownFileType = text.plist.xml; path = Info.plist; sourceTree = "<group>"; };
/* End PBXFileReference section */

/* Begin PBXFrameworksBuildPhase section */
		37EF0B88258F01F300F7C6E5 /* Frameworks */ = {
			isa = PBXFrameworksBuildPhase;
			buildActionMask = 2147483647;
			files = (
			);
			runOnlyForDeploymentPostprocessing = 0;
		};
		37EF0B99258F01F400F7C6E5 /* Frameworks */ = {
			isa = PBXFrameworksBuildPhase;
			buildActionMask = 2147483647;
			files = (
			);
			runOnlyForDeploymentPostprocessing = 0;
		};
		37EF0BA4258F01F400F7C6E5 /* Frameworks */ = {
			isa = PBXFrameworksBuildPhase;
			buildActionMask = 2147483647;
			files = (
			);
			runOnlyForDeploymentPostprocessing = 0;
		};
/* End PBXFrameworksBuildPhase section */

/* Begin PBXGroup section */
		37EF0B82258F01F300F7C6E5 = {
			isa = PBXGroup;
			children = (
				37EF0B8D258F01F300F7C6E5 /* Memorize */,
				37EF0B9F258F01F400F7C6E5 /* MemorizeTests */,
				37EF0BAA258F01F400F7C6E5 /* MemorizeUITests */,
				37EF0B8C258F01F300F7C6E5 /* Products */,
			);
			sourceTree = "<group>";
		};
		37EF0B8C258F01F300F7C6E5 /* Products */ = {
			isa = PBXGroup;
			children = (
				37EF0B8B258F01F300F7C6E5 /* Memorize.app */,
				37EF0B9C258F01F400F7C6E5 /* MemorizeTests.xctest */,
				37EF0BA7258F01F400F7C6E5 /* MemorizeUITests.xctest */,
			);
			name = Products;
			sourceTree = "<group>";
		};
		37EF0B8D258F01F300F7C6E5 /* Memorize */ = {
			isa = PBXGroup;
			children = (
				377AE9CA25919B8300E9A2FB /* Array+Identifiable.swift */,
				377AE9CF2591A98C00E9A2FB /* Array+Only.swift */,
				37C030AF258F2A4100AB346E /* EmojiMemoryGame.swift */,
				37EF0B90258F01F300F7C6E5 /* EmojiMemoryGameView.swift */,
				37CFB2BC25A03CDC0073EB58 /* CardView.swift */,
				37E30D20259A06E10004B21A /* Pie.swift */,
				37E30D18259A05AF0004B21A /* Cardify.swift */,
				377AE9BD259192C700E9A2FB /* Grid.swift */,
				377AE9C52591969D00E9A2FB /* GridLayout.swift */,
				37EF0B8E258F01F300F7C6E5 /* MemorizeApp.swift */,
				37C030AA258F28E700AB346E /* MemoryGame.swift */,
				37EF0B92258F01F400F7C6E5 /* Assets.xcassets */,
				37EF0B97258F01F400F7C6E5 /* Info.plist */,
				37EF0B94258F01F400F7C6E5 /* Preview Content */,
			);
			path = Memorize;
			sourceTree = "<group>";
		};
		37EF0B94258F01F400F7C6E5 /* Preview Content */ = {
			isa = PBXGroup;
			children = (
				37EF0B95258F01F400F7C6E5 /* Preview Assets.xcassets */,
			);
			path = "Preview Content";
			sourceTree = "<group>";
		};
		37EF0B9F258F01F400F7C6E5 /* MemorizeTests */ = {
			isa = PBXGroup;
			children = (
				37EF0BA0258F01F400F7C6E5 /* MemorizeTests.swift */,
				37EF0BA2258F01F400F7C6E5 /* Info.plist */,
			);
			path = MemorizeTests;
			sourceTree = "<group>";
		};
		37EF0BAA258F01F400F7C6E5 /* MemorizeUITests */ = {
			isa = PBXGroup;
			children = (
				37EF0BAB258F01F400F7C6E5 /* MemorizeUITests.swift */,
				37EF0BAD258F01F400F7C6E5 /* Info.plist */,
			);
			path = MemorizeUITests;
			sourceTree = "<group>";
		};
/* End PBXGroup section */

/* Begin PBXNativeTarget section */
		37EF0B8A258F01F300F7C6E5 /* Memorize */ = {
			isa = PBXNativeTarget;
			buildConfigurationList = 37EF0BB0258F01F400F7C6E5 /* Build configuration list for PBXNativeTarget "Memorize" */;
			buildPhases = (
				37EF0B87258F01F300F7C6E5 /* Sources */,
				37EF0B88258F01F300F7C6E5 /* Frameworks */,
				37EF0B89258F01F300F7C6E5 /* Resources */,
			);
			buildRules = (
			);
			dependencies = (
			);
			name = Memorize;
			productName = Memorize;
			productReference = 37EF0B8B258F01F300F7C6E5 /* Memorize.app */;
			productType = "com.apple.product-type.application";
		};
		37EF0B9B258F01F400F7C6E5 /* MemorizeTests */ = {
			isa = PBXNativeTarget;
			buildConfigurationList = 37EF0BB3258F01F400F7C6E5 /* Build configuration list for PBXNativeTarget "MemorizeTests" */;
			buildPhases = (
				37EF0B98258F01F400F7C6E5 /* Sources */,
				37EF0B99258F01F400F7C6E5 /* Frameworks */,
				37EF0B9A258F01F400F7C6E5 /* Resources */,
			);
			buildRules = (
			);
			dependencies = (
				37EF0B9E258F01F400F7C6E5 /* PBXTargetDependency */,
			);
			name = MemorizeTests;
			productName = MemorizeTests;
			productReference = 37EF0B9C258F01F400F7C6E5 /* MemorizeTests.xctest */;
			productType = "com.apple.product-type.bundle.unit-test";
		};
		37EF0BA6258F01F400F7C6E5 /* MemorizeUITests */ = {
			isa = PBXNativeTarget;
			buildConfigurationList = 37EF0BB6258F01F400F7C6E5 /* Build configuration list for PBXNativeTarget "MemorizeUITests" */;
			buildPhases = (
				37EF0BA3258F01F400F7C6E5 /* Sources */,
				37EF0BA4258F01F400F7C6E5 /* Frameworks */,
				37EF0BA5258F01F400F7C6E5 /* Resources */,
			);
			buildRules = (
			);
			dependencies = (
				37EF0BA9258F01F400F7C6E5 /* PBXTargetDependency */,
			);
			name = MemorizeUITests;
			productName = MemorizeUITests;
			productReference = 37EF0BA7258F01F400F7C6E5 /* MemorizeUITests.xctest */;
			productType = "com.apple.product-type.bundle.ui-testing";
		};
/* End PBXNativeTarget section */

/* Begin PBXProject section */
		37EF0B83258F01F300F7C6E5 /* Project object */ = {
			isa = PBXProject;
			attributes = {
				LastSwiftUpdateCheck = 1220;
				LastUpgradeCheck = 1220;
				TargetAttributes = {
					37EF0B8A258F01F300F7C6E5 = {
						CreatedOnToolsVersion = 12.2;
					};
					37EF0B9B258F01F400F7C6E5 = {
						CreatedOnToolsVersion = 12.2;
						TestTargetID = 37EF0B8A258F01F300F7C6E5;
					};
					37EF0BA6258F01F400F7C6E5 = {
						CreatedOnToolsVersion = 12.2;
						TestTargetID = 37EF0B8A258F01F300F7C6E5;
					};
				};
			};
			buildConfigurationList = 37EF0B86258F01F300F7C6E5 /* Build configuration list for PBXProject "Memorize" */;
			compatibilityVersion = "Xcode 9.3";
			developmentRegion = en;
			hasScannedForEncodings = 0;
			knownRegions = (
				en,
				Base,
			);
			mainGroup = 37EF0B82258F01F300F7C6E5;
			productRefGroup = 37EF0B8C258F01F300F7C6E5 /* Products */;
			projectDirPath = "";
			projectRoot = "";
			targets = (
				37EF0B8A258F01F300F7C6E5 /* Memorize */,
				37EF0B9B258F01F400F7C6E5 /* MemorizeTests */,
				37EF0BA6258F01F400F7C6E5 /* MemorizeUITests */,
			);
		};
/* End PBXProject section */

/* Begin PBXResourcesBuildPhase section */
		37EF0B89258F01F300F7C6E5 /* Resources */ = {
			isa = PBXResourcesBuildPhase;
			buildActionMask = 2147483647;
			files = (
				37EF0B96258F01F400F7C6E5 /* Preview Assets.xcassets in Resources */,
				37EF0B93258F01F400F7C6E5 /* Assets.xcassets in Resources */,
			);
			runOnlyForDeploymentPostprocessing = 0;
		};
		37EF0B9A258F01F400F7C6E5 /* Resources */ = {
			isa = PBXResourcesBuildPhase;
			buildActionMask = 2147483647;
			files = (
			);
			runOnlyForDeploymentPostprocessing = 0;
		};
		37EF0BA5258F01F400F7C6E5 /* Resources */ = {
			isa = PBXResourcesBuildPhase;
			buildActionMask = 2147483647;
			files = (
			);
			runOnlyForDeploymentPostprocessing = 0;
		};
/* End PBXResourcesBuildPhase section */

/* Begin PBXSourcesBuildPhase section */
		37EF0B87258F01F300F7C6E5 /* Sources */ = {
			isa = PBXSourcesBuildPhase;
			buildActionMask = 2147483647;
			files = (
				37E30D21259A06E10004B21A /* Pie.swift in Sources */,
				37C030AB258F28E700AB346E /* MemoryGame.swift in Sources */,
				37EF0B91258F01F300F7C6E5 /* EmojiMemoryGameView.swift in Sources */,
				37EF0B8F258F01F300F7C6E5 /* MemorizeApp.swift in Sources */,
				37E30D19259A05AF0004B21A /* Cardify.swift in Sources */,
				377AE9C62591969D00E9A2FB /* GridLayout.swift in Sources */,
				377AE9BE259192C700E9A2FB /* Grid.swift in Sources */,
				377AE9CB25919B8300E9A2FB /* Array+Identifiable.swift in Sources */,
				37C030B0258F2A4100AB346E /* EmojiMemoryGame.swift in Sources */,
				37CFB2BD25A03CDC0073EB58 /* CardView.swift in Sources */,
				377AE9D02591A98C00E9A2FB /* Array+Only.swift in Sources */,
			);
			runOnlyForDeploymentPostprocessing = 0;
		};
		37EF0B98258F01F400F7C6E5 /* Sources */ = {
			isa = PBXSourcesBuildPhase;
			buildActionMask = 2147483647;
			files = (
				37EF0BA1258F01F400F7C6E5 /* MemorizeTests.swift in Sources */,
			);
			runOnlyForDeploymentPostprocessing = 0;
		};
		37EF0BA3258F01F400F7C6E5 /* Sources */ = {
			isa = PBXSourcesBuildPhase;
			buildActionMask = 2147483647;
			files = (
				37EF0BAC258F01F400F7C6E5 /* MemorizeUITests.swift in Sources */,
			);
			runOnlyForDeploymentPostprocessing = 0;
		};
/* End PBXSourcesBuildPhase section */

/* Begin PBXTargetDependency section */
		37EF0B9E258F01F400F7C6E5 /* PBXTargetDependency */ = {
			isa = PBXTargetDependency;
			target = 37EF0B8A258F01F300F7C6E5 /* Memorize */;
			targetProxy = 37EF0B9D258F01F400F7C6E5 /* PBXContainerItemProxy */;
		};
		37EF0BA9258F01F400F7C6E5 /* PBXTargetDependency */ = {
			isa = PBXTargetDependency;
			target = 37EF0B8A258F01F300F7C6E5 /* Memorize */;
			targetProxy = 37EF0BA8258F01F400F7C6E5 /* PBXContainerItemProxy */;
		};
/* End PBXTargetDependency section */

/* Begin XCBuildConfiguration section */
		37EF0BAE258F01F400F7C6E5 /* Debug */ = {
			isa = XCBuildConfiguration;
			buildSettings = {
				ALWAYS_SEARCH_USER_PATHS = NO;
				CLANG_ANALYZER_NONNULL = YES;
				CLANG_ANALYZER_NUMBER_OBJECT_CONVERSION = YES_AGGRESSIVE;
				CLANG_CXX_LANGUAGE_STANDARD = "gnu++14";
				CLANG_CXX_LIBRARY = "libc++";
				CLANG_ENABLE_MODULES = YES;
				CLANG_ENABLE_OBJC_ARC = YES;
				CLANG_ENABLE_OBJC_WEAK = YES;
				CLANG_WARN_BLOCK_CAPTURE_AUTORELEASING = YES;
				CLANG_WARN_BOOL_CONVERSION = YES;
				CLANG_WARN_COMMA = YES;
				CLANG_WARN_CONSTANT_CONVERSION = YES;
				CLANG_WARN_DEPRECATED_OBJC_IMPLEMENTATIONS = YES;
				CLANG_WARN_DIRECT_OBJC_ISA_USAGE = YES_ERROR;
				CLANG_WARN_DOCUMENTATION_COMMENTS = YES;
				CLANG_WARN_EMPTY_BODY = YES;
				CLANG_WARN_ENUM_CONVERSION = YES;
				CLANG_WARN_INFINITE_RECURSION = YES;
				CLANG_WARN_INT_CONVERSION = YES;
				CLANG_WARN_NON_LITERAL_NULL_CONVERSION = YES;
				CLANG_WARN_OBJC_IMPLICIT_RETAIN_SELF = YES;
				CLANG_WARN_OBJC_LITERAL_CONVERSION = YES;
				CLANG_WARN_OBJC_ROOT_CLASS = YES_ERROR;
				CLANG_WARN_QUOTED_INCLUDE_IN_FRAMEWORK_HEADER = YES;
				CLANG_WARN_RANGE_LOOP_ANALYSIS = YES;
				CLANG_WARN_STRICT_PROTOTYPES = YES;
				CLANG_WARN_SUSPICIOUS_MOVE = YES;
				CLANG_WARN_UNGUARDED_AVAILABILITY = YES_AGGRESSIVE;
				CLANG_WARN_UNREACHABLE_CODE = YES;
				CLANG_WARN__DUPLICATE_METHOD_MATCH = YES;
				COPY_PHASE_STRIP = NO;
				DEBUG_INFORMATION_FORMAT = dwarf;
				ENABLE_STRICT_OBJC_MSGSEND = YES;
				ENABLE_TESTABILITY = YES;
				GCC_C_LANGUAGE_STANDARD = gnu11;
				GCC_DYNAMIC_NO_PIC = NO;
				GCC_NO_COMMON_BLOCKS = YES;
				GCC_OPTIMIZATION_LEVEL = 0;
				GCC_PREPROCESSOR_DEFINITIONS = (
					"DEBUG=1",
					"$(inherited)",
				);
				GCC_WARN_64_TO_32_BIT_CONVERSION = YES;
				GCC_WARN_ABOUT_RETURN_TYPE = YES_ERROR;
				GCC_WARN_UNDECLARED_SELECTOR = YES;
				GCC_WARN_UNINITIALIZED_AUTOS = YES_AGGRESSIVE;
				GCC_WARN_UNUSED_FUNCTION = YES;
				GCC_WARN_UNUSED_VARIABLE = YES;
				IPHONEOS_DEPLOYMENT_TARGET = 14.2;
				MTL_ENABLE_DEBUG_INFO = INCLUDE_SOURCE;
				MTL_FAST_MATH = YES;
				ONLY_ACTIVE_ARCH = YES;
				SDKROOT = iphoneos;
				SWIFT_ACTIVE_COMPILATION_CONDITIONS = DEBUG;
				SWIFT_OPTIMIZATION_LEVEL = "-Onone";
			};
			name = Debug;
		};
		37EF0BAF258F01F400F7C6E5 /* Release */ = {
			isa = XCBuildConfiguration;
			buildSettings = {
				ALWAYS_SEARCH_USER_PATHS = NO;
				CLANG_ANALYZER_NONNULL = YES;
				CLANG_ANALYZER_NUMBER_OBJECT_CONVERSION = YES_AGGRESSIVE;
				CLANG_CXX_LANGUAGE_STANDARD = "gnu++14";
				CLANG_CXX_LIBRARY = "libc++";
				CLANG_ENABLE_MODULES = YES;
				CLANG_ENABLE_OBJC_ARC = YES;
				CLANG_ENABLE_OBJC_WEAK = YES;
				CLANG_WARN_BLOCK_CAPTURE_AUTORELEASING = YES;
				CLANG_WARN_BOOL_CONVERSION = YES;
				CLANG_WARN_COMMA = YES;
				CLANG_WARN_CONSTANT_CONVERSION = YES;
				CLANG_WARN_DEPRECATED_OBJC_IMPLEMENTATIONS = YES;
				CLANG_WARN_DIRECT_OBJC_ISA_USAGE = YES_ERROR;
				CLANG_WARN_DOCUMENTATION_COMMENTS = YES;
				CLANG_WARN_EMPTY_BODY = YES;
				CLANG_WARN_ENUM_CONVERSION = YES;
				CLANG_WARN_INFINITE_RECURSION = YES;
				CLANG_WARN_INT_CONVERSION = YES;
				CLANG_WARN_NON_LITERAL_NULL_CONVERSION = YES;
				CLANG_WARN_OBJC_IMPLICIT_RETAIN_SELF = YES;
				CLANG_WARN_OBJC_LITERAL_CONVERSION = YES;
				CLANG_WARN_OBJC_ROOT_CLASS = YES_ERROR;
				CLANG_WARN_QUOTED_INCLUDE_IN_FRAMEWORK_HEADER = YES;
				CLANG_WARN_RANGE_LOOP_ANALYSIS = YES;
				CLANG_WARN_STRICT_PROTOTYPES = YES;
				CLANG_WARN_SUSPICIOUS_MOVE = YES;
				CLANG_WARN_UNGUARDED_AVAILABILITY = YES_AGGRESSIVE;
				CLANG_WARN_UNREACHABLE_CODE = YES;
				CLANG_WARN__DUPLICATE_METHOD_MATCH = YES;
				COPY_PHASE_STRIP = NO;
				DEBUG_INFORMATION_FORMAT = "dwarf-with-dsym";
				ENABLE_NS_ASSERTIONS = NO;
				ENABLE_STRICT_OBJC_MSGSEND = YES;
				GCC_C_LANGUAGE_STANDARD = gnu11;
				GCC_NO_COMMON_BLOCKS = YES;
				GCC_WARN_64_TO_32_BIT_CONVERSION = YES;
				GCC_WARN_ABOUT_RETURN_TYPE = YES_ERROR;
				GCC_WARN_UNDECLARED_SELECTOR = YES;
				GCC_WARN_UNINITIALIZED_AUTOS = YES_AGGRESSIVE;
				GCC_WARN_UNUSED_FUNCTION = YES;
				GCC_WARN_UNUSED_VARIABLE = YES;
				IPHONEOS_DEPLOYMENT_TARGET = 14.2;
				MTL_ENABLE_DEBUG_INFO = NO;
				MTL_FAST_MATH = YES;
				SDKROOT = iphoneos;
				SWIFT_COMPILATION_MODE = wholemodule;
				SWIFT_OPTIMIZATION_LEVEL = "-O";
				VALIDATE_PRODUCT = YES;
			};
			name = Release;
		};
		37EF0BB1258F01F400F7C6E5 /* Debug */ = {
			isa = XCBuildConfiguration;
			buildSettings = {
				ASSETCATALOG_COMPILER_APPICON_NAME = AppIcon;
				ASSETCATALOG_COMPILER_GLOBAL_ACCENT_COLOR_NAME = AccentColor;
				CODE_SIGN_STYLE = Automatic;
				DEVELOPMENT_ASSET_PATHS = "\"Memorize/Preview Content\"";
				DEVELOPMENT_TEAM = DRQ54G2Q36;
				ENABLE_PREVIEWS = YES;
				INFOPLIST_FILE = Memorize/Info.plist;
				IPHONEOS_DEPLOYMENT_TARGET = 14.0;
				LD_RUNPATH_SEARCH_PATHS = (
					"$(inherited)",
					"@executable_path/Frameworks",
				);
				PRODUCT_BUNDLE_IDENTIFIER = montilla.gregory.Memorize;
				PRODUCT_NAME = "$(TARGET_NAME)";
				SWIFT_VERSION = 5.0;
				TARGETED_DEVICE_FAMILY = "1,2";
			};
			name = Debug;
		};
		37EF0BB2258F01F400F7C6E5 /* Release */ = {
			isa = XCBuildConfiguration;
			buildSettings = {
				ASSETCATALOG_COMPILER_APPICON_NAME = AppIcon;
				ASSETCATALOG_COMPILER_GLOBAL_ACCENT_COLOR_NAME = AccentColor;
				CODE_SIGN_STYLE = Automatic;
				DEVELOPMENT_ASSET_PATHS = "\"Memorize/Preview Content\"";
				DEVELOPMENT_TEAM = DRQ54G2Q36;
				ENABLE_PREVIEWS = YES;
				INFOPLIST_FILE = Memorize/Info.plist;
				IPHONEOS_DEPLOYMENT_TARGET = 14.0;
				LD_RUNPATH_SEARCH_PATHS = (
					"$(inherited)",
					"@executable_path/Frameworks",
				);
				PRODUCT_BUNDLE_IDENTIFIER = montilla.gregory.Memorize;
				PRODUCT_NAME = "$(TARGET_NAME)";
				SWIFT_VERSION = 5.0;
				TARGETED_DEVICE_FAMILY = "1,2";
			};
			name = Release;
		};
		37EF0BB4258F01F400F7C6E5 /* Debug */ = {
			isa = XCBuildConfiguration;
			buildSettings = {
				ALWAYS_EMBED_SWIFT_STANDARD_LIBRARIES = YES;
				BUNDLE_LOADER = "$(TEST_HOST)";
				CODE_SIGN_STYLE = Automatic;
				DEVELOPMENT_TEAM = DRQ54G2Q36;
				INFOPLIST_FILE = MemorizeTests/Info.plist;
				IPHONEOS_DEPLOYMENT_TARGET = 14.0;
				LD_RUNPATH_SEARCH_PATHS = (
					"$(inherited)",
					"@executable_path/Frameworks",
					"@loader_path/Frameworks",
				);
				PRODUCT_BUNDLE_IDENTIFIER = montilla.gregory.MemorizeTests;
				PRODUCT_NAME = "$(TARGET_NAME)";
				SWIFT_VERSION = 5.0;
				TARGETED_DEVICE_FAMILY = "1,2";
				TEST_HOST = "$(BUILT_PRODUCTS_DIR)/Memorize.app/Memorize";
			};
			name = Debug;
		};
		37EF0BB5258F01F400F7C6E5 /* Release */ = {
			isa = XCBuildConfiguration;
			buildSettings = {
				ALWAYS_EMBED_SWIFT_STANDARD_LIBRARIES = YES;
				BUNDLE_LOADER = "$(TEST_HOST)";
				CODE_SIGN_STYLE = Automatic;
				DEVELOPMENT_TEAM = DRQ54G2Q36;
				INFOPLIST_FILE = MemorizeTests/Info.plist;
				IPHONEOS_DEPLOYMENT_TARGET = 14.0;
				LD_RUNPATH_SEARCH_PATHS = (
					"$(inherited)",
					"@executable_path/Frameworks",
					"@loader_path/Frameworks",
				);
				PRODUCT_BUNDLE_IDENTIFIER = montilla.gregory.MemorizeTests;
				PRODUCT_NAME = "$(TARGET_NAME)";
				SWIFT_VERSION = 5.0;
				TARGETED_DEVICE_FAMILY = "1,2";
				TEST_HOST = "$(BUILT_PRODUCTS_DIR)/Memorize.app/Memorize";
			};
			name = Release;
		};
		37EF0BB7258F01F400F7C6E5 /* Debug */ = {
			isa = XCBuildConfiguration;
			buildSettings = {
				ALWAYS_EMBED_SWIFT_STANDARD_LIBRARIES = YES;
				CODE_SIGN_STYLE = Automatic;
				DEVELOPMENT_TEAM = DRQ54G2Q36;
				INFOPLIST_FILE = MemorizeUITests/Info.plist;
				LD_RUNPATH_SEARCH_PATHS = (
					"$(inherited)",
					"@executable_path/Frameworks",
					"@loader_path/Frameworks",
				);
				PRODUCT_BUNDLE_IDENTIFIER = montilla.gregory.MemorizeUITests;
				PRODUCT_NAME = "$(TARGET_NAME)";
				SWIFT_VERSION = 5.0;
				TARGETED_DEVICE_FAMILY = "1,2";
				TEST_TARGET_NAME = Memorize;
			};
			name = Debug;
		};
		37EF0BB8258F01F400F7C6E5 /* Release */ = {
			isa = XCBuildConfiguration;
			buildSettings = {
				ALWAYS_EMBED_SWIFT_STANDARD_LIBRARIES = YES;
				CODE_SIGN_STYLE = Automatic;
				DEVELOPMENT_TEAM = DRQ54G2Q36;
				INFOPLIST_FILE = MemorizeUITests/Info.plist;
				LD_RUNPATH_SEARCH_PATHS = (
					"$(inherited)",
					"@executable_path/Frameworks",
					"@loader_path/Frameworks",
				);
				PRODUCT_BUNDLE_IDENTIFIER = montilla.gregory.MemorizeUITests;
				PRODUCT_NAME = "$(TARGET_NAME)";
				SWIFT_VERSION = 5.0;
				TARGETED_DEVICE_FAMILY = "1,2";
				TEST_TARGET_NAME = Memorize;
			};
			name = Release;
		};
/* End XCBuildConfiguration section */

/* Begin XCConfigurationList section */
		37EF0B86258F01F300F7C6E5 /* Build configuration list for PBXProject "Memorize" */ = {
			isa = XCConfigurationList;
			buildConfigurations = (
				37EF0BAE258F01F400F7C6E5 /* Debug */,
				37EF0BAF258F01F400F7C6E5 /* Release */,
			);
			defaultConfigurationIsVisible = 0;
			defaultConfigurationName = Release;
		};
		37EF0BB0258F01F400F7C6E5 /* Build configuration list for PBXNativeTarget "Memorize" */ = {
			isa = XCConfigurationList;
			buildConfigurations = (
				37EF0BB1258F01F400F7C6E5 /* Debug */,
				37EF0BB2258F01F400F7C6E5 /* Release */,
			);
			defaultConfigurationIsVisible = 0;
			defaultConfigurationName = Release;
		};
		37EF0BB3258F01F400F7C6E5 /* Build configuration list for PBXNativeTarget "MemorizeTests" */ = {
			isa = XCConfigurationList;
			buildConfigurations = (
				37EF0BB4258F01F400F7C6E5 /* Debug */,
				37EF0BB5258F01F400F7C6E5 /* Release */,
			);
			defaultConfigurationIsVisible = 0;
			defaultConfigurationName = Release;
		};
		37EF0BB6258F01F400F7C6E5 /* Build configuration list for PBXNativeTarget "MemorizeUITests" */ = {
			isa = XCConfigurationList;
			buildConfigurations = (
				37EF0BB7258F01F400F7C6E5 /* Debug */,
				37EF0BB8258F01F400F7C6E5 /* Release */,
			);
			defaultConfigurationIsVisible = 0;
			defaultConfigurationName = Release;
		};
/* End XCConfigurationList section */
	};
	rootObject = 37EF0B83258F01F300F7C6E5 /* Project object */;
}
