// !$*UTF8*$!
{
	archiveVersion = 1;
	classes = {
	};
	objectVersion = 50;
	objects = {

/* Begin PBXBuildFile section */
		37299EA925980D31009B266C /* SetApp.swift in Sources */ = {isa = PBXBuildFile; fileRef = 37299EA825980D31009B266C /* SetApp.swift */; };
		37299EAB25980D31009B266C /* SetGameView.swift in Sources */ = {isa = PBXBuildFile; fileRef = 37299EAA25980D31009B266C /* SetGameView.swift */; };
		37299EAD25980D33009B266C /* Assets.xcassets in Resources */ = {isa = PBXBuildFile; fileRef = 37299EAC25980D33009B266C /* Assets.xcassets */; };
		37299EB025980D33009B266C /* Preview Assets.xcassets in Resources */ = {isa = PBXBuildFile; fileRef = 37299EAF25980D33009B266C /* Preview Assets.xcassets */; };
		37299EBB25980D33009B266C /* SetTests.swift in Sources */ = {isa = PBXBuildFile; fileRef = 37299EBA25980D33009B266C /* SetTests.swift */; };
		37299EC625980D33009B266C /* SetUITests.swift in Sources */ = {isa = PBXBuildFile; fileRef = 37299EC525980D33009B266C /* SetUITests.swift */; };
		37299EDA25981B5F009B266C /* SetGameModel.swift in Sources */ = {isa = PBXBuildFile; fileRef = 37299ED925981B5F009B266C /* SetGameModel.swift */; };
		37299EE225981FC9009B266C /* SetGameViewModel.swift in Sources */ = {isa = PBXBuildFile; fileRef = 37299EE125981FC9009B266C /* SetGameViewModel.swift */; };
		37299EED25982EE3009B266C /* Grid.swift in Sources */ = {isa = PBXBuildFile; fileRef = 37299EE925982EE2009B266C /* Grid.swift */; };
		37299EEE25982EE3009B266C /* GridLayout.swift in Sources */ = {isa = PBXBuildFile; fileRef = 37299EEA25982EE2009B266C /* GridLayout.swift */; };
		37299EEF25982EE3009B266C /* Array+Only.swift in Sources */ = {isa = PBXBuildFile; fileRef = 37299EEB25982EE2009B266C /* Array+Only.swift */; };
		37299EF025982EE3009B266C /* Array+Identifiable.swift in Sources */ = {isa = PBXBuildFile; fileRef = 37299EEC25982EE2009B266C /* Array+Identifiable.swift */; };
		374A614D25983C1100A1336B /* Diamond.swift in Sources */ = {isa = PBXBuildFile; fileRef = 374A614C25983C1100A1336B /* Diamond.swift */; };
		37FE24D125984D3E00AA5147 /* CardView.swift in Sources */ = {isa = PBXBuildFile; fileRef = 37FE24D025984D3E00AA5147 /* CardView.swift */; };
		37FE24E02599615000AA5147 /* Cardify.swift in Sources */ = {isa = PBXBuildFile; fileRef = 37FE24DF2599615000AA5147 /* Cardify.swift */; };
		37FE24E5259977FB00AA5147 /* Array+Shape.swift in Sources */ = {isa = PBXBuildFile; fileRef = 37FE24E4259977FB00AA5147 /* Array+Shape.swift */; };
		37FE24EA259979AF00AA5147 /* Symbol.swift in Sources */ = {isa = PBXBuildFile; fileRef = 37FE24E9259979AF00AA5147 /* Symbol.swift */; };
/* End PBXBuildFile section */

/* Begin PBXContainerItemProxy section */
		37299EB725980D33009B266C /* PBXContainerItemProxy */ = {
			isa = PBXContainerItemProxy;
			containerPortal = 37299E9D25980D30009B266C /* Project object */;
			proxyType = 1;
			remoteGlobalIDString = 37299EA425980D30009B266C;
			remoteInfo = Set;
		};
		37299EC225980D33009B266C /* PBXContainerItemProxy */ = {
			isa = PBXContainerItemProxy;
			containerPortal = 37299E9D25980D30009B266C /* Project object */;
			proxyType = 1;
			remoteGlobalIDString = 37299EA425980D30009B266C;
			remoteInfo = Set;
		};
/* End PBXContainerItemProxy section */

/* Begin PBXFileReference section */
		37299EA525980D30009B266C /* Set.app */ = {isa = PBXFileReference; explicitFileType = wrapper.application; includeInIndex = 0; path = Set.app; sourceTree = BUILT_PRODUCTS_DIR; };
		37299EA825980D31009B266C /* SetApp.swift */ = {isa = PBXFileReference; lastKnownFileType = sourcecode.swift; path = SetApp.swift; sourceTree = "<group>"; };
		37299EAA25980D31009B266C /* SetGameView.swift */ = {isa = PBXFileReference; lastKnownFileType = sourcecode.swift; path = SetGameView.swift; sourceTree = "<group>"; };
		37299EAC25980D33009B266C /* Assets.xcassets */ = {isa = PBXFileReference; lastKnownFileType = folder.assetcatalog; path = Assets.xcassets; sourceTree = "<group>"; };
		37299EAF25980D33009B266C /* Preview Assets.xcassets */ = {isa = PBXFileReference; lastKnownFileType = folder.assetcatalog; path = "Preview Assets.xcassets"; sourceTree = "<group>"; };
		37299EB125980D33009B266C /* Info.plist */ = {isa = PBXFileReference; lastKnownFileType = text.plist.xml; path = Info.plist; sourceTree = "<group>"; };
		37299EB625980D33009B266C /* SetTests.xctest */ = {isa = PBXFileReference; explicitFileType = wrapper.cfbundle; includeInIndex = 0; path = SetTests.xctest; sourceTree = BUILT_PRODUCTS_DIR; };
		37299EBA25980D33009B266C /* SetTests.swift */ = {isa = PBXFileReference; lastKnownFileType = sourcecode.swift; path = SetTests.swift; sourceTree = "<group>"; };
		37299EBC25980D33009B266C /* Info.plist */ = {isa = PBXFileReference; lastKnownFileType = text.plist.xml; path = Info.plist; sourceTree = "<group>"; };
		37299EC125980D33009B266C /* SetUITests.xctest */ = {isa = PBXFileReference; explicitFileType = wrapper.cfbundle; includeInIndex = 0; path = SetUITests.xctest; sourceTree = BUILT_PRODUCTS_DIR; };
		37299EC525980D33009B266C /* SetUITests.swift */ = {isa = PBXFileReference; lastKnownFileType = sourcecode.swift; path = SetUITests.swift; sourceTree = "<group>"; };
		37299EC725980D33009B266C /* Info.plist */ = {isa = PBXFileReference; lastKnownFileType = text.plist.xml; path = Info.plist; sourceTree = "<group>"; };
		37299ED925981B5F009B266C /* SetGameModel.swift */ = {isa = PBXFileReference; lastKnownFileType = sourcecode.swift; path = SetGameModel.swift; sourceTree = "<group>"; };
		37299EE125981FC9009B266C /* SetGameViewModel.swift */ = {isa = PBXFileReference; lastKnownFileType = sourcecode.swift; path = SetGameViewModel.swift; sourceTree = "<group>"; };
		37299EE925982EE2009B266C /* Grid.swift */ = {isa = PBXFileReference; fileEncoding = 4; lastKnownFileType = sourcecode.swift; path = Grid.swift; sourceTree = "<group>"; };
		37299EEA25982EE2009B266C /* GridLayout.swift */ = {isa = PBXFileReference; fileEncoding = 4; lastKnownFileType = sourcecode.swift; path = GridLayout.swift; sourceTree = "<group>"; };
		37299EEB25982EE2009B266C /* Array+Only.swift */ = {isa = PBXFileReference; fileEncoding = 4; lastKnownFileType = sourcecode.swift; path = "Array+Only.swift"; sourceTree = "<group>"; };
		37299EEC25982EE2009B266C /* Array+Identifiable.swift */ = {isa = PBXFileReference; fileEncoding = 4; lastKnownFileType = sourcecode.swift; path = "Array+Identifiable.swift"; sourceTree = "<group>"; };
		374A614C25983C1100A1336B /* Diamond.swift */ = {isa = PBXFileReference; lastKnownFileType = sourcecode.swift; path = Diamond.swift; sourceTree = "<group>"; };
		37FE24D025984D3E00AA5147 /* CardView.swift */ = {isa = PBXFileReference; lastKnownFileType = sourcecode.swift; path = CardView.swift; sourceTree = "<group>"; };
		37FE24DF2599615000AA5147 /* Cardify.swift */ = {isa = PBXFileReference; lastKnownFileType = sourcecode.swift; path = Cardify.swift; sourceTree = "<group>"; };
		37FE24E4259977FB00AA5147 /* Array+Shape.swift */ = {isa = PBXFileReference; lastKnownFileType = sourcecode.swift; path = "Array+Shape.swift"; sourceTree = "<group>"; };
		37FE24E9259979AF00AA5147 /* Symbol.swift */ = {isa = PBXFileReference; lastKnownFileType = sourcecode.swift; path = Symbol.swift; sourceTree = "<group>"; };
/* End PBXFileReference section */

/* Begin PBXFrameworksBuildPhase section */
		37299EA225980D30009B266C /* Frameworks */ = {
			isa = PBXFrameworksBuildPhase;
			buildActionMask = 2147483647;
			files = (
			);
			runOnlyForDeploymentPostprocessing = 0;
		};
		37299EB325980D33009B266C /* Frameworks */ = {
			isa = PBXFrameworksBuildPhase;
			buildActionMask = 2147483647;
			files = (
			);
			runOnlyForDeploymentPostprocessing = 0;
		};
		37299EBE25980D33009B266C /* Frameworks */ = {
			isa = PBXFrameworksBuildPhase;
			buildActionMask = 2147483647;
			files = (
			);
			runOnlyForDeploymentPostprocessing = 0;
		};
/* End PBXFrameworksBuildPhase section */

/* Begin PBXGroup section */
		37299E9C25980D30009B266C = {
			isa = PBXGroup;
			children = (
				37299EA725980D30009B266C /* Set */,
				37299EB925980D33009B266C /* SetTests */,
				37299EC425980D33009B266C /* SetUITests */,
				37299EA625980D30009B266C /* Products */,
			);
			sourceTree = "<group>";
		};
		37299EA625980D30009B266C /* Products */ = {
			isa = PBXGroup;
			children = (
				37299EA525980D30009B266C /* Set.app */,
				37299EB625980D33009B266C /* SetTests.xctest */,
				37299EC125980D33009B266C /* SetUITests.xctest */,
			);
			name = Products;
			sourceTree = "<group>";
		};
		37299EA725980D30009B266C /* Set */ = {
			isa = PBXGroup;
			children = (
				37299EEC25982EE2009B266C /* Array+Identifiable.swift */,
				37299EEB25982EE2009B266C /* Array+Only.swift */,
				37FE24E4259977FB00AA5147 /* Array+Shape.swift */,
				37FE24DF2599615000AA5147 /* Cardify.swift */,
				37FE24D025984D3E00AA5147 /* CardView.swift */,
				374A614C25983C1100A1336B /* Diamond.swift */,
				37299EE925982EE2009B266C /* Grid.swift */,
				37299EEA25982EE2009B266C /* GridLayout.swift */,
				37299EA825980D31009B266C /* SetApp.swift */,
				37299ED925981B5F009B266C /* SetGameModel.swift */,
				37299EAA25980D31009B266C /* SetGameView.swift */,
				37299EE125981FC9009B266C /* SetGameViewModel.swift */,
				37FE24E9259979AF00AA5147 /* Symbol.swift */,
				37299EAC25980D33009B266C /* Assets.xcassets */,
				37299EB125980D33009B266C /* Info.plist */,
				37299EAE25980D33009B266C /* Preview Content */,
			);
			path = Set;
			sourceTree = "<group>";
		};
		37299EAE25980D33009B266C /* Preview Content */ = {
			isa = PBXGroup;
			children = (
				37299EAF25980D33009B266C /* Preview Assets.xcassets */,
			);
			path = "Preview Content";
			sourceTree = "<group>";
		};
		37299EB925980D33009B266C /* SetTests */ = {
			isa = PBXGroup;
			children = (
				37299EBA25980D33009B266C /* SetTests.swift */,
				37299EBC25980D33009B266C /* Info.plist */,
			);
			path = SetTests;
			sourceTree = "<group>";
		};
		37299EC425980D33009B266C /* SetUITests */ = {
			isa = PBXGroup;
			children = (
				37299EC525980D33009B266C /* SetUITests.swift */,
				37299EC725980D33009B266C /* Info.plist */,
			);
			path = SetUITests;
			sourceTree = "<group>";
		};
/* End PBXGroup section */

/* Begin PBXNativeTarget section */
		37299EA425980D30009B266C /* Set */ = {
			isa = PBXNativeTarget;
			buildConfigurationList = 37299ECA25980D33009B266C /* Build configuration list for PBXNativeTarget "Set" */;
			buildPhases = (
				37299EA125980D30009B266C /* Sources */,
				37299EA225980D30009B266C /* Frameworks */,
				37299EA325980D30009B266C /* Resources */,
			);
			buildRules = (
			);
			dependencies = (
			);
			name = Set;
			productName = Set;
			productReference = 37299EA525980D30009B266C /* Set.app */;
			productType = "com.apple.product-type.application";
		};
		37299EB525980D33009B266C /* SetTests */ = {
			isa = PBXNativeTarget;
			buildConfigurationList = 37299ECD25980D33009B266C /* Build configuration list for PBXNativeTarget "SetTests" */;
			buildPhases = (
				37299EB225980D33009B266C /* Sources */,
				37299EB325980D33009B266C /* Frameworks */,
				37299EB425980D33009B266C /* Resources */,
			);
			buildRules = (
			);
			dependencies = (
				37299EB825980D33009B266C /* PBXTargetDependency */,
			);
			name = SetTests;
			productName = SetTests;
			productReference = 37299EB625980D33009B266C /* SetTests.xctest */;
			productType = "com.apple.product-type.bundle.unit-test";
		};
		37299EC025980D33009B266C /* SetUITests */ = {
			isa = PBXNativeTarget;
			buildConfigurationList = 37299ED025980D33009B266C /* Build configuration list for PBXNativeTarget "SetUITests" */;
			buildPhases = (
				37299EBD25980D33009B266C /* Sources */,
				37299EBE25980D33009B266C /* Frameworks */,
				37299EBF25980D33009B266C /* Resources */,
			);
			buildRules = (
			);
			dependencies = (
				37299EC325980D33009B266C /* PBXTargetDependency */,
			);
			name = SetUITests;
			productName = SetUITests;
			productReference = 37299EC125980D33009B266C /* SetUITests.xctest */;
			productType = "com.apple.product-type.bundle.ui-testing";
		};
/* End PBXNativeTarget section */

/* Begin PBXProject section */
		37299E9D25980D30009B266C /* Project object */ = {
			isa = PBXProject;
			attributes = {
				LastSwiftUpdateCheck = 1230;
				LastUpgradeCheck = 1230;
				TargetAttributes = {
					37299EA425980D30009B266C = {
						CreatedOnToolsVersion = 12.3;
					};
					37299EB525980D33009B266C = {
						CreatedOnToolsVersion = 12.3;
						TestTargetID = 37299EA425980D30009B266C;
					};
					37299EC025980D33009B266C = {
						CreatedOnToolsVersion = 12.3;
						TestTargetID = 37299EA425980D30009B266C;
					};
				};
			};
			buildConfigurationList = 37299EA025980D30009B266C /* Build configuration list for PBXProject "Set" */;
			compatibilityVersion = "Xcode 9.3";
			developmentRegion = en;
			hasScannedForEncodings = 0;
			knownRegions = (
				en,
				Base,
			);
			mainGroup = 37299E9C25980D30009B266C;
			productRefGroup = 37299EA625980D30009B266C /* Products */;
			projectDirPath = "";
			projectRoot = "";
			targets = (
				37299EA425980D30009B266C /* Set */,
				37299EB525980D33009B266C /* SetTests */,
				37299EC025980D33009B266C /* SetUITests */,
			);
		};
/* End PBXProject section */

/* Begin PBXResourcesBuildPhase section */
		37299EA325980D30009B266C /* Resources */ = {
			isa = PBXResourcesBuildPhase;
			buildActionMask = 2147483647;
			files = (
				37299EB025980D33009B266C /* Preview Assets.xcassets in Resources */,
				37299EAD25980D33009B266C /* Assets.xcassets in Resources */,
			);
			runOnlyForDeploymentPostprocessing = 0;
		};
		37299EB425980D33009B266C /* Resources */ = {
			isa = PBXResourcesBuildPhase;
			buildActionMask = 2147483647;
			files = (
			);
			runOnlyForDeploymentPostprocessing = 0;
		};
		37299EBF25980D33009B266C /* Resources */ = {
			isa = PBXResourcesBuildPhase;
			buildActionMask = 2147483647;
			files = (
			);
			runOnlyForDeploymentPostprocessing = 0;
		};
/* End PBXResourcesBuildPhase section */

/* Begin PBXSourcesBuildPhase section */
		37299EA125980D30009B266C /* Sources */ = {
			isa = PBXSourcesBuildPhase;
			buildActionMask = 2147483647;
			files = (
				37FE24E02599615000AA5147 /* Cardify.swift in Sources */,
				37299EAB25980D31009B266C /* SetGameView.swift in Sources */,
				37299EA925980D31009B266C /* SetApp.swift in Sources */,
				37299EDA25981B5F009B266C /* SetGameModel.swift in Sources */,
				374A614D25983C1100A1336B /* Diamond.swift in Sources */,
				37FE24EA259979AF00AA5147 /* Symbol.swift in Sources */,
				37FE24D125984D3E00AA5147 /* CardView.swift in Sources */,
				37299EEE25982EE3009B266C /* GridLayout.swift in Sources */,
				37FE24E5259977FB00AA5147 /* Array+Shape.swift in Sources */,
				37299EED25982EE3009B266C /* Grid.swift in Sources */,
				37299EF025982EE3009B266C /* Array+Identifiable.swift in Sources */,
				37299EEF25982EE3009B266C /* Array+Only.swift in Sources */,
				37299EE225981FC9009B266C /* SetGameViewModel.swift in Sources */,
			);
			runOnlyForDeploymentPostprocessing = 0;
		};
		37299EB225980D33009B266C /* Sources */ = {
			isa = PBXSourcesBuildPhase;
			buildActionMask = 2147483647;
			files = (
				37299EBB25980D33009B266C /* SetTests.swift in Sources */,
			);
			runOnlyForDeploymentPostprocessing = 0;
		};
		37299EBD25980D33009B266C /* Sources */ = {
			isa = PBXSourcesBuildPhase;
			buildActionMask = 2147483647;
			files = (
				37299EC625980D33009B266C /* SetUITests.swift in Sources */,
			);
			runOnlyForDeploymentPostprocessing = 0;
		};
/* End PBXSourcesBuildPhase section */

/* Begin PBXTargetDependency section */
		37299EB825980D33009B266C /* PBXTargetDependency */ = {
			isa = PBXTargetDependency;
			target = 37299EA425980D30009B266C /* Set */;
			targetProxy = 37299EB725980D33009B266C /* PBXContainerItemProxy */;
		};
		37299EC325980D33009B266C /* PBXTargetDependency */ = {
			isa = PBXTargetDependency;
			target = 37299EA425980D30009B266C /* Set */;
			targetProxy = 37299EC225980D33009B266C /* PBXContainerItemProxy */;
		};
/* End PBXTargetDependency section */

/* Begin XCBuildConfiguration section */
		37299EC825980D33009B266C /* Debug */ = {
			isa = XCBuildConfiguration;
			buildSettings = {
				ALWAYS_SEARCH_USER_PATHS = NO;
				CLANG_ANALYZER_NONNULL = YES;
				CLANG_ANALYZER_NUMBER_OBJECT_CONVERSION = YES_AGGRESSIVE;
				CLANG_CXX_LANGUAGE_STANDARD = "gnu++14";
				CLANG_CXX_LIBRARY = "libc++";
				CLANG_ENABLE_MODULES = YES;
				CLANG_ENABLE_OBJC_ARC = YES;
				CLANG_ENABLE_OBJC_WEAK = YES;
				CLANG_WARN_BLOCK_CAPTURE_AUTORELEASING = YES;
				CLANG_WARN_BOOL_CONVERSION = YES;
				CLANG_WARN_COMMA = YES;
				CLANG_WARN_CONSTANT_CONVERSION = YES;
				CLANG_WARN_DEPRECATED_OBJC_IMPLEMENTATIONS = YES;
				CLANG_WARN_DIRECT_OBJC_ISA_USAGE = YES_ERROR;
				CLANG_WARN_DOCUMENTATION_COMMENTS = YES;
				CLANG_WARN_EMPTY_BODY = YES;
				CLANG_WARN_ENUM_CONVERSION = YES;
				CLANG_WARN_INFINITE_RECURSION = YES;
				CLANG_WARN_INT_CONVERSION = YES;
				CLANG_WARN_NON_LITERAL_NULL_CONVERSION = YES;
				CLANG_WARN_OBJC_IMPLICIT_RETAIN_SELF = YES;
				CLANG_WARN_OBJC_LITERAL_CONVERSION = YES;
				CLANG_WARN_OBJC_ROOT_CLASS = YES_ERROR;
				CLANG_WARN_QUOTED_INCLUDE_IN_FRAMEWORK_HEADER = YES;
				CLANG_WARN_RANGE_LOOP_ANALYSIS = YES;
				CLANG_WARN_STRICT_PROTOTYPES = YES;
				CLANG_WARN_SUSPICIOUS_MOVE = YES;
				CLANG_WARN_UNGUARDED_AVAILABILITY = YES_AGGRESSIVE;
				CLANG_WARN_UNREACHABLE_CODE = YES;
				CLANG_WARN__DUPLICATE_METHOD_MATCH = YES;
				COPY_PHASE_STRIP = NO;
				DEBUG_INFORMATION_FORMAT = dwarf;
				ENABLE_STRICT_OBJC_MSGSEND = YES;
				ENABLE_TESTABILITY = YES;
				GCC_C_LANGUAGE_STANDARD = gnu11;
				GCC_DYNAMIC_NO_PIC = NO;
				GCC_NO_COMMON_BLOCKS = YES;
				GCC_OPTIMIZATION_LEVEL = 0;
				GCC_PREPROCESSOR_DEFINITIONS = (
					"DEBUG=1",
					"$(inherited)",
				);
				GCC_WARN_64_TO_32_BIT_CONVERSION = YES;
				GCC_WARN_ABOUT_RETURN_TYPE = YES_ERROR;
				GCC_WARN_UNDECLARED_SELECTOR = YES;
				GCC_WARN_UNINITIALIZED_AUTOS = YES_AGGRESSIVE;
				GCC_WARN_UNUSED_FUNCTION = YES;
				GCC_WARN_UNUSED_VARIABLE = YES;
				IPHONEOS_DEPLOYMENT_TARGET = 14.3;
				MTL_ENABLE_DEBUG_INFO = INCLUDE_SOURCE;
				MTL_FAST_MATH = YES;
				ONLY_ACTIVE_ARCH = YES;
				SDKROOT = iphoneos;
				SWIFT_ACTIVE_COMPILATION_CONDITIONS = DEBUG;
				SWIFT_OPTIMIZATION_LEVEL = "-Onone";
			};
			name = Debug;
		};
		37299EC925980D33009B266C /* Release */ = {
			isa = XCBuildConfiguration;
			buildSettings = {
				ALWAYS_SEARCH_USER_PATHS = NO;
				CLANG_ANALYZER_NONNULL = YES;
				CLANG_ANALYZER_NUMBER_OBJECT_CONVERSION = YES_AGGRESSIVE;
				CLANG_CXX_LANGUAGE_STANDARD = "gnu++14";
				CLANG_CXX_LIBRARY = "libc++";
				CLANG_ENABLE_MODULES = YES;
				CLANG_ENABLE_OBJC_ARC = YES;
				CLANG_ENABLE_OBJC_WEAK = YES;
				CLANG_WARN_BLOCK_CAPTURE_AUTORELEASING = YES;
				CLANG_WARN_BOOL_CONVERSION = YES;
				CLANG_WARN_COMMA = YES;
				CLANG_WARN_CONSTANT_CONVERSION = YES;
				CLANG_WARN_DEPRECATED_OBJC_IMPLEMENTATIONS = YES;
				CLANG_WARN_DIRECT_OBJC_ISA_USAGE = YES_ERROR;
				CLANG_WARN_DOCUMENTATION_COMMENTS = YES;
				CLANG_WARN_EMPTY_BODY = YES;
				CLANG_WARN_ENUM_CONVERSION = YES;
				CLANG_WARN_INFINITE_RECURSION = YES;
				CLANG_WARN_INT_CONVERSION = YES;
				CLANG_WARN_NON_LITERAL_NULL_CONVERSION = YES;
				CLANG_WARN_OBJC_IMPLICIT_RETAIN_SELF = YES;
				CLANG_WARN_OBJC_LITERAL_CONVERSION = YES;
				CLANG_WARN_OBJC_ROOT_CLASS = YES_ERROR;
				CLANG_WARN_QUOTED_INCLUDE_IN_FRAMEWORK_HEADER = YES;
				CLANG_WARN_RANGE_LOOP_ANALYSIS = YES;
				CLANG_WARN_STRICT_PROTOTYPES = YES;
				CLANG_WARN_SUSPICIOUS_MOVE = YES;
				CLANG_WARN_UNGUARDED_AVAILABILITY = YES_AGGRESSIVE;
				CLANG_WARN_UNREACHABLE_CODE = YES;
				CLANG_WARN__DUPLICATE_METHOD_MATCH = YES;
				COPY_PHASE_STRIP = NO;
				DEBUG_INFORMATION_FORMAT = "dwarf-with-dsym";
				ENABLE_NS_ASSERTIONS = NO;
				ENABLE_STRICT_OBJC_MSGSEND = YES;
				GCC_C_LANGUAGE_STANDARD = gnu11;
				GCC_NO_COMMON_BLOCKS = YES;
				GCC_WARN_64_TO_32_BIT_CONVERSION = YES;
				GCC_WARN_ABOUT_RETURN_TYPE = YES_ERROR;
				GCC_WARN_UNDECLARED_SELECTOR = YES;
				GCC_WARN_UNINITIALIZED_AUTOS = YES_AGGRESSIVE;
				GCC_WARN_UNUSED_FUNCTION = YES;
				GCC_WARN_UNUSED_VARIABLE = YES;
				IPHONEOS_DEPLOYMENT_TARGET = 14.3;
				MTL_ENABLE_DEBUG_INFO = NO;
				MTL_FAST_MATH = YES;
				SDKROOT = iphoneos;
				SWIFT_COMPILATION_MODE = wholemodule;
				SWIFT_OPTIMIZATION_LEVEL = "-O";
				VALIDATE_PRODUCT = YES;
			};
			name = Release;
		};
		37299ECB25980D33009B266C /* Debug */ = {
			isa = XCBuildConfiguration;
			buildSettings = {
				ASSETCATALOG_COMPILER_APPICON_NAME = AppIcon;
				ASSETCATALOG_COMPILER_GLOBAL_ACCENT_COLOR_NAME = AccentColor;
				CODE_SIGN_STYLE = Automatic;
				DEVELOPMENT_ASSET_PATHS = "\"Set/Preview Content\"";
				DEVELOPMENT_TEAM = DRQ54G2Q36;
				ENABLE_PREVIEWS = YES;
				INFOPLIST_FILE = Set/Info.plist;
				IPHONEOS_DEPLOYMENT_TARGET = 14.0;
				LD_RUNPATH_SEARCH_PATHS = (
					"$(inherited)",
					"@executable_path/Frameworks",
				);
				PRODUCT_BUNDLE_IDENTIFIER = montilla.gregory.Set;
				PRODUCT_NAME = "$(TARGET_NAME)";
				SWIFT_VERSION = 5.0;
				TARGETED_DEVICE_FAMILY = "1,2";
			};
			name = Debug;
		};
		37299ECC25980D33009B266C /* Release */ = {
			isa = XCBuildConfiguration;
			buildSettings = {
				ASSETCATALOG_COMPILER_APPICON_NAME = AppIcon;
				ASSETCATALOG_COMPILER_GLOBAL_ACCENT_COLOR_NAME = AccentColor;
				CODE_SIGN_STYLE = Automatic;
				DEVELOPMENT_ASSET_PATHS = "\"Set/Preview Content\"";
				DEVELOPMENT_TEAM = DRQ54G2Q36;
				ENABLE_PREVIEWS = YES;
				INFOPLIST_FILE = Set/Info.plist;
				IPHONEOS_DEPLOYMENT_TARGET = 14.0;
				LD_RUNPATH_SEARCH_PATHS = (
					"$(inherited)",
					"@executable_path/Frameworks",
				);
				PRODUCT_BUNDLE_IDENTIFIER = montilla.gregory.Set;
				PRODUCT_NAME = "$(TARGET_NAME)";
				SWIFT_VERSION = 5.0;
				TARGETED_DEVICE_FAMILY = "1,2";
			};
			name = Release;
		};
		37299ECE25980D33009B266C /* Debug */ = {
			isa = XCBuildConfiguration;
			buildSettings = {
				ALWAYS_EMBED_SWIFT_STANDARD_LIBRARIES = YES;
				BUNDLE_LOADER = "$(TEST_HOST)";
				CODE_SIGN_STYLE = Automatic;
				DEVELOPMENT_TEAM = DRQ54G2Q36;
				INFOPLIST_FILE = SetTests/Info.plist;
				IPHONEOS_DEPLOYMENT_TARGET = 14.0;
				LD_RUNPATH_SEARCH_PATHS = (
					"$(inherited)",
					"@executable_path/Frameworks",
					"@loader_path/Frameworks",
				);
				PRODUCT_BUNDLE_IDENTIFIER = montilla.gregory.SetTests;
				PRODUCT_NAME = "$(TARGET_NAME)";
				SWIFT_VERSION = 5.0;
				TARGETED_DEVICE_FAMILY = "1,2";
				TEST_HOST = "$(BUILT_PRODUCTS_DIR)/Set.app/Set";
			};
			name = Debug;
		};
		37299ECF25980D33009B266C /* Release */ = {
			isa = XCBuildConfiguration;
			buildSettings = {
				ALWAYS_EMBED_SWIFT_STANDARD_LIBRARIES = YES;
				BUNDLE_LOADER = "$(TEST_HOST)";
				CODE_SIGN_STYLE = Automatic;
				DEVELOPMENT_TEAM = DRQ54G2Q36;
				INFOPLIST_FILE = SetTests/Info.plist;
				IPHONEOS_DEPLOYMENT_TARGET = 14.0;
				LD_RUNPATH_SEARCH_PATHS = (
					"$(inherited)",
					"@executable_path/Frameworks",
					"@loader_path/Frameworks",
				);
				PRODUCT_BUNDLE_IDENTIFIER = montilla.gregory.SetTests;
				PRODUCT_NAME = "$(TARGET_NAME)";
				SWIFT_VERSION = 5.0;
				TARGETED_DEVICE_FAMILY = "1,2";
				TEST_HOST = "$(BUILT_PRODUCTS_DIR)/Set.app/Set";
			};
			name = Release;
		};
		37299ED125980D33009B266C /* Debug */ = {
			isa = XCBuildConfiguration;
			buildSettings = {
				ALWAYS_EMBED_SWIFT_STANDARD_LIBRARIES = YES;
				CODE_SIGN_STYLE = Automatic;
				DEVELOPMENT_TEAM = DRQ54G2Q36;
				INFOPLIST_FILE = SetUITests/Info.plist;
				LD_RUNPATH_SEARCH_PATHS = (
					"$(inherited)",
					"@executable_path/Frameworks",
					"@loader_path/Frameworks",
				);
				PRODUCT_BUNDLE_IDENTIFIER = montilla.gregory.SetUITests;
				PRODUCT_NAME = "$(TARGET_NAME)";
				SWIFT_VERSION = 5.0;
				TARGETED_DEVICE_FAMILY = "1,2";
				TEST_TARGET_NAME = Set;
			};
			name = Debug;
		};
		37299ED225980D33009B266C /* Release */ = {
			isa = XCBuildConfiguration;
			buildSettings = {
				ALWAYS_EMBED_SWIFT_STANDARD_LIBRARIES = YES;
				CODE_SIGN_STYLE = Automatic;
				DEVELOPMENT_TEAM = DRQ54G2Q36;
				INFOPLIST_FILE = SetUITests/Info.plist;
				LD_RUNPATH_SEARCH_PATHS = (
					"$(inherited)",
					"@executable_path/Frameworks",
					"@loader_path/Frameworks",
				);
				PRODUCT_BUNDLE_IDENTIFIER = montilla.gregory.SetUITests;
				PRODUCT_NAME = "$(TARGET_NAME)";
				SWIFT_VERSION = 5.0;
				TARGETED_DEVICE_FAMILY = "1,2";
				TEST_TARGET_NAME = Set;
			};
			name = Release;
		};
/* End XCBuildConfiguration section */

/* Begin XCConfigurationList section */
		37299EA025980D30009B266C /* Build configuration list for PBXProject "Set" */ = {
			isa = XCConfigurationList;
			buildConfigurations = (
				37299EC825980D33009B266C /* Debug */,
				37299EC925980D33009B266C /* Release */,
			);
			defaultConfigurationIsVisible = 0;
			defaultConfigurationName = Release;
		};
		37299ECA25980D33009B266C /* Build configuration list for PBXNativeTarget "Set" */ = {
			isa = XCConfigurationList;
			buildConfigurations = (
				37299ECB25980D33009B266C /* Debug */,
				37299ECC25980D33009B266C /* Release */,
			);
			defaultConfigurationIsVisible = 0;
			defaultConfigurationName = Release;
		};
		37299ECD25980D33009B266C /* Build configuration list for PBXNativeTarget "SetTests" */ = {
			isa = XCConfigurationList;
			buildConfigurations = (
				37299ECE25980D33009B266C /* Debug */,
				37299ECF25980D33009B266C /* Release */,
			);
			defaultConfigurationIsVisible = 0;
			defaultConfigurationName = Release;
		};
		37299ED025980D33009B266C /* Build configuration list for PBXNativeTarget "SetUITests" */ = {
			isa = XCConfigurationList;
			buildConfigurations = (
				37299ED125980D33009B266C /* Debug */,
				37299ED225980D33009B266C /* Release */,
			);
			defaultConfigurationIsVisible = 0;
			defaultConfigurationName = Release;
		};
/* End XCConfigurationList section */
	};
	rootObject = 37299E9D25980D30009B266C /* Project object */;
}
